
Microsoft Visual Studio Solution File, Format Version 11.00
# Visual Studio 2010
Project("{FAE04EC0-301F-11D3-BF4B-00C04F79EFBC}") = "com.ben-w.erp", "com.ben-w.erp.csproj", "{dcf4fc02-e485-8685-2010-f035ead89faa}"
EndProject
Project("{FAE04EC0-301F-11D3-BF4B-00C04F79EFBC}") = "Assembly-CSharp", "Assembly-CSharp.csproj", "{1ee40a10-5398-a100-0814-c759729749eb}"
EndProject
Global
	GlobalSection(SolutionConfigurationPlatforms) = preSolution
		Debug|Any CPU = Debug|Any CPU
	EndGlobalSection
	GlobalSection(ProjectConfigurationPlatforms) = postSolution
		{dcf4fc02-e485-8685-2010-f035ead89faa}.Debug|Any CPU.ActiveCfg = Debug|Any CPU
		{dcf4fc02-e485-8685-2010-f035ead89faa}.Debug|Any CPU.Build.0 = Debug|Any CPU
		{1ee40a10-5398-a100-0814-c759729749eb}.Debug|Any CPU.ActiveCfg = Debug|Any CPU
		{1ee40a10-5398-a100-0814-c759729749eb}.Debug|Any CPU.Build.0 = Debug|Any CPU
	EndGlobalSection
	GlobalSection(SolutionProperties) = preSolution
		HideSolutionNode = FALSE
	EndGlobalSection
EndGlobal
